
Microsoft Visual Studio Solution File, Format Version 12.00
# Visual Studio Version 17
VisualStudioVersion = 17.10.35013.160
MinimumVisualStudioVersion = 10.0.40219.1
Project("{FAE04EC0-301F-11D3-BF4B-00C04F79EFBC}") = "NcMultiplicator", "NcMultiplicator\NcMultiplicator.csproj", "{C628C7AD-63BB-4F6E-B92F-48DCD2EE0DF7}"
EndProject
Global
	GlobalSection(SolutionConfigurationPlatforms) = preSolution
		Debug|Any CPU = Debug|Any CPU
		Release|Any CPU = Release|Any CPU
	EndGlobalSection
	GlobalSection(ProjectConfigurationPlatforms) = postSolution
		{C628C7AD-63BB-4F6E-B92F-48DCD2EE0DF7}.Debug|Any CPU.ActiveCfg = Debug|Any CPU
		{C628C7AD-63BB-4F6E-B92F-48DCD2EE0DF7}.Debug|Any CPU.Build.0 = Debug|Any CPU
		{C628C7AD-63BB-4F6E-B92F-48DCD2EE0DF7}.Release|Any CPU.ActiveCfg = Release|Any CPU
		{C628C7AD-63BB-4F6E-B92F-48DCD2EE0DF7}.Release|Any CPU.Build.0 = Release|Any CPU
	EndGlobalSection
	GlobalSection(SolutionProperties) = preSolution
		HideSolutionNode = FALSE
	EndGlobalSection
	GlobalSection(ExtensibilityGlobals) = postSolution
		SolutionGuid = {DE96F427-DA82-4431-A844-605F2E082DB4}
	EndGlobalSection
EndGlobal
